
Microsoft Visual Studio Solution File, Format Version 12.00
# Visual Studio Version 16
VisualStudioVersion = 16.0.30611.23
MinimumVisualStudioVersion = 10.0.40219.1
Project("{9A19103F-16F7-4668-BE54-9A1E7A4F7556}") = "MySafe", "MySafe\MySafe\MySafe.csproj", "{901721FD-DAA6-4823-BAA4-0E139E748E56}"
EndProject
Project("{FAE04EC0-301F-11D3-BF4B-00C04F79EFBC}") = "MySafe.Android", "MySafe\MySafe.Android\MySafe.Android.csproj", "{AE02A8FE-558B-48DC-814C-CF64B897608E}"
EndProject
Project("{FAE04EC0-301F-11D3-BF4B-00C04F79EFBC}") = "MySafe.iOS", "MySafe\MySafe.iOS\MySafe.iOS.csproj", "{BB24190F-8BCE-4463-A69C-133C01A8E8BB}"
EndProject
Project("{9A19103F-16F7-4668-BE54-9A1E7A4F7556}") = "MySafe.Core", "MySafe.Core\MySafe.Core.csproj", "{AF3A9516-8BDC-4BC6-BD0B-CB8818D3258C}"
EndProject
Project("{FAE04EC0-301F-11D3-BF4B-00C04F79EFBC}") = "MySafe.Tests", "MySafe.Tests\MySafe.Tests.csproj", "{FA3B93B0-BA18-4215-855C-1DC3ABA6E98F}"
EndProject
Global
	GlobalSection(SolutionConfigurationPlatforms) = preSolution
		Ad-Hoc|Any CPU = Ad-Hoc|Any CPU
		Ad-Hoc|iPhone = Ad-Hoc|iPhone
		Ad-Hoc|iPhoneSimulator = Ad-Hoc|iPhoneSimulator
		AppStore|Any CPU = AppStore|Any CPU
		AppStore|iPhone = AppStore|iPhone
		AppStore|iPhoneSimulator = AppStore|iPhoneSimulator
		Debug|Any CPU = Debug|Any CPU
		Debug|iPhone = Debug|iPhone
		Debug|iPhoneSimulator = Debug|iPhoneSimulator
		Release|Any CPU = Release|Any CPU
		Release|iPhone = Release|iPhone
		Release|iPhoneSimulator = Release|iPhoneSimulator
	EndGlobalSection
	GlobalSection(ProjectConfigurationPlatforms) = postSolution
		{901721FD-DAA6-4823-BAA4-0E139E748E56}.Ad-Hoc|Any CPU.ActiveCfg = Debug|Any CPU
		{901721FD-DAA6-4823-BAA4-0E139E748E56}.Ad-Hoc|Any CPU.Build.0 = Debug|Any CPU
		{901721FD-DAA6-4823-BAA4-0E139E748E56}.Ad-Hoc|iPhone.ActiveCfg = Debug|Any CPU
		{901721FD-DAA6-4823-BAA4-0E139E748E56}.Ad-Hoc|iPhone.Build.0 = Debug|Any CPU
		{901721FD-DAA6-4823-BAA4-0E139E748E56}.Ad-Hoc|iPhoneSimulator.ActiveCfg = Debug|Any CPU
		{901721FD-DAA6-4823-BAA4-0E139E748E56}.Ad-Hoc|iPhoneSimulator.Build.0 = Debug|Any CPU
		{901721FD-DAA6-4823-BAA4-0E139E748E56}.AppStore|Any CPU.ActiveCfg = Debug|Any CPU
		{901721FD-DAA6-4823-BAA4-0E139E748E56}.AppStore|Any CPU.Build.0 = Debug|Any CPU
		{901721FD-DAA6-4823-BAA4-0E139E748E56}.AppStore|iPhone.ActiveCfg = Debug|Any CPU
		{901721FD-DAA6-4823-BAA4-0E139E748E56}.AppStore|iPhone.Build.0 = Debug|Any CPU
		{901721FD-DAA6-4823-BAA4-0E139E748E56}.AppStore|iPhoneSimulator.ActiveCfg = Debug|Any CPU
		{901721FD-DAA6-4823-BAA4-0E139E748E56}.AppStore|iPhoneSimulator.Build.0 = Debug|Any CPU
		{901721FD-DAA6-4823-BAA4-0E139E748E56}.Debug|Any CPU.ActiveCfg = Debug|Any CPU
		{901721FD-DAA6-4823-BAA4-0E139E748E56}.Debug|Any CPU.Build.0 = Debug|Any CPU
		{901721FD-DAA6-4823-BAA4-0E139E748E56}.Debug|iPhone.ActiveCfg = Debug|Any CPU
		{901721FD-DAA6-4823-BAA4-0E139E748E56}.Debug|iPhone.Build.0 = Debug|Any CPU
		{901721FD-DAA6-4823-BAA4-0E139E748E56}.Debug|iPhoneSimulator.ActiveCfg = Debug|Any CPU
		{901721FD-DAA6-4823-BAA4-0E139E748E56}.Debug|iPhoneSimulator.Build.0 = Debug|Any CPU
		{901721FD-DAA6-4823-BAA4-0E139E748E56}.Release|Any CPU.ActiveCfg = Release|Any CPU
		{901721FD-DAA6-4823-BAA4-0E139E748E56}.Release|Any CPU.Build.0 = Release|Any CPU
		{901721FD-DAA6-4823-BAA4-0E139E748E56}.Release|iPhone.ActiveCfg = Release|Any CPU
		{901721FD-DAA6-4823-BAA4-0E139E748E56}.Release|iPhone.Build.0 = Release|Any CPU
		{901721FD-DAA6-4823-BAA4-0E139E748E56}.Release|iPhoneSimulator.ActiveCfg = Release|Any CPU
		{901721FD-DAA6-4823-BAA4-0E139E748E56}.Release|iPhoneSimulator.Build.0 = Release|Any CPU
		{AE02A8FE-558B-48DC-814C-CF64B897608E}.Ad-Hoc|Any CPU.ActiveCfg = Debug|Any CPU
		{AE02A8FE-558B-48DC-814C-CF64B897608E}.Ad-Hoc|Any CPU.Build.0 = Debug|Any CPU
		{AE02A8FE-558B-48DC-814C-CF64B897608E}.Ad-Hoc|Any CPU.Deploy.0 = Debug|Any CPU
		{AE02A8FE-558B-48DC-814C-CF64B897608E}.Ad-Hoc|iPhone.ActiveCfg = Debug|Any CPU
		{AE02A8FE-558B-48DC-814C-CF64B897608E}.Ad-Hoc|iPhone.Build.0 = Debug|Any CPU
		{AE02A8FE-558B-48DC-814C-CF64B897608E}.Ad-Hoc|iPhone.Deploy.0 = Debug|Any CPU
		{AE02A8FE-558B-48DC-814C-CF64B897608E}.Ad-Hoc|iPhoneSimulator.ActiveCfg = Debug|Any CPU
		{AE02A8FE-558B-48DC-814C-CF64B897608E}.Ad-Hoc|iPhoneSimulator.Build.0 = Debug|Any CPU
		{AE02A8FE-558B-48DC-814C-CF64B897608E}.Ad-Hoc|iPhoneSimulator.Deploy.0 = Debug|Any CPU
		{AE02A8FE-558B-48DC-814C-CF64B897608E}.AppStore|Any CPU.ActiveCfg = Debug|Any CPU
		{AE02A8FE-558B-48DC-814C-CF64B897608E}.AppStore|Any CPU.Build.0 = Debug|Any CPU
		{AE02A8FE-558B-48DC-814C-CF64B897608E}.AppStore|Any CPU.Deploy.0 = Debug|Any CPU
		{AE02A8FE-558B-48DC-814C-CF64B897608E}.AppStore|iPhone.ActiveCfg = Debug|Any CPU
		{AE02A8FE-558B-48DC-814C-CF64B897608E}.AppStore|iPhone.Build.0 = Debug|Any CPU
		{AE02A8FE-558B-48DC-814C-CF64B897608E}.AppStore|iPhone.Deploy.0 = Debug|Any CPU
		{AE02A8FE-558B-48DC-814C-CF64B897608E}.AppStore|iPhoneSimulator.ActiveCfg = Debug|Any CPU
		{AE02A8FE-558B-48DC-814C-CF64B897608E}.AppStore|iPhoneSimulator.Build.0 = Debug|Any CPU
		{AE02A8FE-558B-48DC-814C-CF64B897608E}.AppStore|iPhoneSimulator.Deploy.0 = Debug|Any CPU
		{AE02A8FE-558B-48DC-814C-CF64B897608E}.Debug|Any CPU.ActiveCfg = Debug|Any CPU
		{AE02A8FE-558B-48DC-814C-CF64B897608E}.Debug|Any CPU.Build.0 = Debug|Any CPU
		{AE02A8FE-558B-48DC-814C-CF64B897608E}.Debug|Any CPU.Deploy.0 = Debug|Any CPU
		{AE02A8FE-558B-48DC-814C-CF64B897608E}.Debug|iPhone.ActiveCfg = Debug|Any CPU
		{AE02A8FE-558B-48DC-814C-CF64B897608E}.Debug|iPhone.Build.0 = Debug|Any CPU
		{AE02A8FE-558B-48DC-814C-CF64B897608E}.Debug|iPhone.Deploy.0 = Debug|Any CPU
		{AE02A8FE-558B-48DC-814C-CF64B897608E}.Debug|iPhoneSimulator.ActiveCfg = Debug|Any CPU
		{AE02A8FE-558B-48DC-814C-CF64B897608E}.Debug|iPhoneSimulator.Build.0 = Debug|Any CPU
		{AE02A8FE-558B-48DC-814C-CF64B897608E}.Debug|iPhoneSimulator.Deploy.0 = Debug|Any CPU
		{AE02A8FE-558B-48DC-814C-CF64B897608E}.Release|Any CPU.ActiveCfg = Release|Any CPU
		{AE02A8FE-558B-48DC-814C-CF64B897608E}.Release|Any CPU.Build.0 = Release|Any CPU
		{AE02A8FE-558B-48DC-814C-CF64B897608E}.Release|Any CPU.Deploy.0 = Release|Any CPU
		{AE02A8FE-558B-48DC-814C-CF64B897608E}.Release|iPhone.ActiveCfg = Release|Any CPU
		{AE02A8FE-558B-48DC-814C-CF64B897608E}.Release|iPhone.Build.0 = Release|Any CPU
		{AE02A8FE-558B-48DC-814C-CF64B897608E}.Release|iPhone.Deploy.0 = Release|Any CPU
		{AE02A8FE-558B-48DC-814C-CF64B897608E}.Release|iPhoneSimulator.ActiveCfg = Release|Any CPU
		{AE02A8FE-558B-48DC-814C-CF64B897608E}.Release|iPhoneSimulator.Build.0 = Release|Any CPU
		{AE02A8FE-558B-48DC-814C-CF64B897608E}.Release|iPhoneSimulator.Deploy.0 = Release|Any CPU
		{BB24190F-8BCE-4463-A69C-133C01A8E8BB}.Ad-Hoc|Any CPU.ActiveCfg = Ad-Hoc|iPhoneSimulator
		{BB24190F-8BCE-4463-A69C-133C01A8E8BB}.Ad-Hoc|iPhone.ActiveCfg = Ad-Hoc|iPhone
		{BB24190F-8BCE-4463-A69C-133C01A8E8BB}.Ad-Hoc|iPhone.Build.0 = Ad-Hoc|iPhone
		{BB24190F-8BCE-4463-A69C-133C01A8E8BB}.Ad-Hoc|iPhoneSimulator.ActiveCfg = Ad-Hoc|iPhoneSimulator
		{BB24190F-8BCE-4463-A69C-133C01A8E8BB}.Ad-Hoc|iPhoneSimulator.Build.0 = Ad-Hoc|iPhoneSimulator
		{BB24190F-8BCE-4463-A69C-133C01A8E8BB}.AppStore|Any CPU.ActiveCfg = AppStore|iPhoneSimulator
		{BB24190F-8BCE-4463-A69C-133C01A8E8BB}.AppStore|iPhone.ActiveCfg = AppStore|iPhone
		{BB24190F-8BCE-4463-A69C-133C01A8E8BB}.AppStore|iPhone.Build.0 = AppStore|iPhone
		{BB24190F-8BCE-4463-A69C-133C01A8E8BB}.AppStore|iPhoneSimulator.ActiveCfg = AppStore|iPhoneSimulator
		{BB24190F-8BCE-4463-A69C-133C01A8E8BB}.AppStore|iPhoneSimulator.Build.0 = AppStore|iPhoneSimulator
		{BB24190F-8BCE-4463-A69C-133C01A8E8BB}.Debug|Any CPU.ActiveCfg = Debug|iPhoneSimulator
		{BB24190F-8BCE-4463-A69C-133C01A8E8BB}.Debug|iPhone.ActiveCfg = Debug|iPhone
		{BB24190F-8BCE-4463-A69C-133C01A8E8BB}.Debug|iPhone.Build.0 = Debug|iPhone
		{BB24190F-8BCE-4463-A69C-133C01A8E8BB}.Debug|iPhoneSimulator.ActiveCfg = Debug|iPhoneSimulator
		{BB24190F-8BCE-4463-A69C-133C01A8E8BB}.Debug|iPhoneSimulator.Build.0 = Debug|iPhoneSimulator
		{BB24190F-8BCE-4463-A69C-133C01A8E8BB}.Release|Any CPU.ActiveCfg = Release|iPhoneSimulator
		{BB24190F-8BCE-4463-A69C-133C01A8E8BB}.Release|iPhone.ActiveCfg = Release|iPhone
		{BB24190F-8BCE-4463-A69C-133C01A8E8BB}.Release|iPhone.Build.0 = Release|iPhone
		{BB24190F-8BCE-4463-A69C-133C01A8E8BB}.Release|iPhoneSimulator.ActiveCfg = Release|iPhoneSimulator
		{BB24190F-8BCE-4463-A69C-133C01A8E8BB}.Release|iPhoneSimulator.Build.0 = Release|iPhoneSimulator
		{AF3A9516-8BDC-4BC6-BD0B-CB8818D3258C}.Ad-Hoc|Any CPU.ActiveCfg = Debug|Any CPU
		{AF3A9516-8BDC-4BC6-BD0B-CB8818D3258C}.Ad-Hoc|Any CPU.Build.0 = Debug|Any CPU
		{AF3A9516-8BDC-4BC6-BD0B-CB8818D3258C}.Ad-Hoc|iPhone.ActiveCfg = Debug|Any CPU
		{AF3A9516-8BDC-4BC6-BD0B-CB8818D3258C}.Ad-Hoc|iPhone.Build.0 = Debug|Any CPU
		{AF3A9516-8BDC-4BC6-BD0B-CB8818D3258C}.Ad-Hoc|iPhoneSimulator.ActiveCfg = Debug|Any CPU
		{AF3A9516-8BDC-4BC6-BD0B-CB8818D3258C}.Ad-Hoc|iPhoneSimulator.Build.0 = Debug|Any CPU
		{AF3A9516-8BDC-4BC6-BD0B-CB8818D3258C}.AppStore|Any CPU.ActiveCfg = Debug|Any CPU
		{AF3A9516-8BDC-4BC6-BD0B-CB8818D3258C}.AppStore|Any CPU.Build.0 = Debug|Any CPU
		{AF3A9516-8BDC-4BC6-BD0B-CB8818D3258C}.AppStore|iPhone.ActiveCfg = Debug|Any CPU
		{AF3A9516-8BDC-4BC6-BD0B-CB8818D3258C}.AppStore|iPhone.Build.0 = Debug|Any CPU
		{AF3A9516-8BDC-4BC6-BD0B-CB8818D3258C}.AppStore|iPhoneSimulator.ActiveCfg = Debug|Any CPU
		{AF3A9516-8BDC-4BC6-BD0B-CB8818D3258C}.AppStore|iPhoneSimulator.Build.0 = Debug|Any CPU
		{AF3A9516-8BDC-4BC6-BD0B-CB8818D3258C}.Debug|Any CPU.ActiveCfg = Debug|Any CPU
		{AF3A9516-8BDC-4BC6-BD0B-CB8818D3258C}.Debug|Any CPU.Build.0 = Debug|Any CPU
		{AF3A9516-8BDC-4BC6-BD0B-CB8818D3258C}.Debug|iPhone.ActiveCfg = Debug|Any CPU
		{AF3A9516-8BDC-4BC6-BD0B-CB8818D3258C}.Debug|iPhone.Build.0 = Debug|Any CPU
		{AF3A9516-8BDC-4BC6-BD0B-CB8818D3258C}.Debug|iPhoneSimulator.ActiveCfg = Debug|Any CPU
		{AF3A9516-8BDC-4BC6-BD0B-CB8818D3258C}.Debug|iPhoneSimulator.Build.0 = Debug|Any CPU
		{AF3A9516-8BDC-4BC6-BD0B-CB8818D3258C}.Release|Any CPU.ActiveCfg = Release|Any CPU
		{AF3A9516-8BDC-4BC6-BD0B-CB8818D3258C}.Release|Any CPU.Build.0 = Release|Any CPU
		{AF3A9516-8BDC-4BC6-BD0B-CB8818D3258C}.Release|iPhone.ActiveCfg = Release|Any CPU
		{AF3A9516-8BDC-4BC6-BD0B-CB8818D3258C}.Release|iPhone.Build.0 = Release|Any CPU
		{AF3A9516-8BDC-4BC6-BD0B-CB8818D3258C}.Release|iPhoneSimulator.ActiveCfg = Release|Any CPU
		{AF3A9516-8BDC-4BC6-BD0B-CB8818D3258C}.Release|iPhoneSimulator.Build.0 = Release|Any CPU
		{FA3B93B0-BA18-4215-855C-1DC3ABA6E98F}.Ad-Hoc|Any CPU.ActiveCfg = Release|Any CPU
		{FA3B93B0-BA18-4215-855C-1DC3ABA6E98F}.Ad-Hoc|Any CPU.Build.0 = Release|Any CPU
		{FA3B93B0-BA18-4215-855C-1DC3ABA6E98F}.Ad-Hoc|iPhone.ActiveCfg = Release|Any CPU
		{FA3B93B0-BA18-4215-855C-1DC3ABA6E98F}.Ad-Hoc|iPhone.Build.0 = Release|Any CPU
		{FA3B93B0-BA18-4215-855C-1DC3ABA6E98F}.Ad-Hoc|iPhoneSimulator.ActiveCfg = Release|Any CPU
		{FA3B93B0-BA18-4215-855C-1DC3ABA6E98F}.Ad-Hoc|iPhoneSimulator.Build.0 = Release|Any CPU
		{FA3B93B0-BA18-4215-855C-1DC3ABA6E98F}.AppStore|Any CPU.ActiveCfg = Release|Any CPU
		{FA3B93B0-BA18-4215-855C-1DC3ABA6E98F}.AppStore|Any CPU.Build.0 = Release|Any CPU
		{FA3B93B0-BA18-4215-855C-1DC3ABA6E98F}.AppStore|iPhone.ActiveCfg = Release|Any CPU
		{FA3B93B0-BA18-4215-855C-1DC3ABA6E98F}.AppStore|iPhone.Build.0 = Release|Any CPU
		{FA3B93B0-BA18-4215-855C-1DC3ABA6E98F}.AppStore|iPhoneSimulator.ActiveCfg = Release|Any CPU
		{FA3B93B0-BA18-4215-855C-1DC3ABA6E98F}.AppStore|iPhoneSimulator.Build.0 = Release|Any CPU
		{FA3B93B0-BA18-4215-855C-1DC3ABA6E98F}.Debug|Any CPU.ActiveCfg = Debug|Any CPU
		{FA3B93B0-BA18-4215-855C-1DC3ABA6E98F}.Debug|Any CPU.Build.0 = Debug|Any CPU
		{FA3B93B0-BA18-4215-855C-1DC3ABA6E98F}.Debug|iPhone.ActiveCfg = Debug|Any CPU
		{FA3B93B0-BA18-4215-855C-1DC3ABA6E98F}.Debug|iPhone.Build.0 = Debug|Any CPU
		{FA3B93B0-BA18-4215-855C-1DC3ABA6E98F}.Debug|iPhoneSimulator.ActiveCfg = Debug|Any CPU
		{FA3B93B0-BA18-4215-855C-1DC3ABA6E98F}.Debug|iPhoneSimulator.Build.0 = Debug|Any CPU
		{FA3B93B0-BA18-4215-855C-1DC3ABA6E98F}.Release|Any CPU.ActiveCfg = Release|Any CPU
		{FA3B93B0-BA18-4215-855C-1DC3ABA6E98F}.Release|Any CPU.Build.0 = Release|Any CPU
		{FA3B93B0-BA18-4215-855C-1DC3ABA6E98F}.Release|iPhone.ActiveCfg = Release|Any CPU
		{FA3B93B0-BA18-4215-855C-1DC3ABA6E98F}.Release|iPhone.Build.0 = Release|Any CPU
		{FA3B93B0-BA18-4215-855C-1DC3ABA6E98F}.Release|iPhoneSimulator.ActiveCfg = Release|Any CPU
		{FA3B93B0-BA18-4215-855C-1DC3ABA6E98F}.Release|iPhoneSimulator.Build.0 = Release|Any CPU
	EndGlobalSection
	GlobalSection(SolutionProperties) = preSolution
		HideSolutionNode = FALSE
	EndGlobalSection
	GlobalSection(ExtensibilityGlobals) = postSolution
		SolutionGuid = {65C2AA4A-9A78-45C9-879D-F602A27F4B76}
	EndGlobalSection
EndGlobal
